{
  "name": "night-api",
  "version": "1.0.1",
  "lockfileVersion": 2,
  "requires": true,
  "packages": {
    "": {
      "name": "night-api",
      "version": "1.0.1",
      "license": "MIT",
      "dependencies": {
        "night-api": "^1.0.1",
        "node-fetch": "^2.6.1"
      },
      "engines": {
        "node": ">= 12.0.0",
        "npm": ">= 6.9.0"
      }
    },
    "node_modules/night-api": {
      "version": "1.0.1",
      "resolved": "https://registry.npmjs.org/night-api/-/night-api-1.0.1.tgz",
      "integrity": "sha512-jhVZEXG1YvZKtzlOoG6tM/UmLGUCHKghZod3z3RiwiiYHZQqrIyeMqQNmg1YDz5bppV1rJCUkyerrvvNSHv/Mw==",
      "dependencies": {
        "node-fetch": "^2.6.1"
      },
      "engines": {
        "node": ">= 12.0.0",
        "npm": ">= 6.9.0"
      }
    },
    "node_modules/node-fetch": {
      "version": "2.6.1",
      "resolved": "https://registry.npmjs.org/node-fetch/-/node-fetch-2.6.1.tgz",
      "integrity": "sha512-V4aYg89jEoVRxRb2fJdAg8FHvI7cEyYdVAh94HH0UIK8oJxUfkjlDQN9RbMx+bEjP7+ggMiFRprSti032Oipxw==",
      "engines": {
        "node": "4.x || >=6.0.0"
      }
    }
  },
  "dependencies": {
    "night-api": {
      "version": "1.0.1",
      "resolved": "https://registry.npmjs.org/night-api/-/night-api-1.0.1.tgz",
      "integrity": "sha512-jhVZEXG1YvZKtzlOoG6tM/UmLGUCHKghZod3z3RiwiiYHZQqrIyeMqQNmg1YDz5bppV1rJCUkyerrvvNSHv/Mw==",
      "requires": {
        "node-fetch": "^2.6.1"
      }
    },
    "node-fetch": {
      "version": "2.6.1",
      "resolved": "https://registry.npmjs.org/node-fetch/-/node-fetch-2.6.1.tgz",
      "integrity": "sha512-V4aYg89jEoVRxRb2fJdAg8FHvI7cEyYdVAh94HH0UIK8oJxUfkjlDQN9RbMx+bEjP7+ggMiFRprSti032Oipxw=="
    }
  }
}
